<?xml version="1.0" encoding="UTF-8" standalone="yes" ?>
<CodeBlocks_project_file>
	<FileVersion major="1" minor="6" />
	<Project>
		<Option title="CyberEngine" />
		<Option pch_mode="0" />
		<Option compiler="gcc" />
		<Build>
			<Target title="Debug">
				<Option output="bin/Debug/CyberEngine" prefix_auto="1" extension_auto="1" />
				<Option working_dir="/home/dartosgamer/Documents/Irrlicht/bin/" />
				<Option object_output="obj/Debug/" />
				<Option type="1" />
				<Option compiler="gcc" />
				<Compiler>
					<Add option="-g" />
				</Compiler>
			</Target>
			<Target title="Release">
				<Option output="bin/Release/CyberEngine" prefix_auto="1" extension_auto="1" />
				<Option working_dir="/home/dartosgamer/Documents/Irrlicht/bin/" />
				<Option object_output="obj/Release/" />
				<Option type="0" />
				<Option compiler="gcc" />
				<Compiler>
					<Add option="-O2" />
				</Compiler>
				<Linker>
					<Add option="-s" />
				</Linker>
			</Target>
		</Build>
		<Compiler>
			<Add option="-Wall" />
			<Add option="-Winvalid-pch" />
			<Add option='-include &quot;precomp.h&quot;' />
			<Add directory="/home/dartosgamer/Documents/Irrlicht/include" />
			<Add directory="./include" />
		</Compiler>
		<Linker>
			<Add library="GL" />
			<Add library="GLU" />
			<Add library="Xxf86vm" />
			<Add library="../../../../../lib64/libX11.so" />
			<Add library="lib/libIrrlicht.a" />
			<Add directory="/home/dartosgamer/Documents/Irrlicht/lib/" />
			<Add directory="./lib" />
		</Linker>
		<Unit filename="EventReciever.h" />
		<Unit filename="Game.cpp" />
		<Unit filename="Game.h" />
		<Unit filename="StateSystem/GameState.h" />
		<Unit filename="StateSystem/GameStateMgr.cpp" />
		<Unit filename="StateSystem/GameStateMgr.h" />
		<Unit filename="StateSystem/InGameState.h" />
		<Unit filename="main.cpp" />
		<Unit filename="precomp.h">
			<Option compile="1" />
			<Option weight="0" />
		</Unit>
		<Extensions>
			<code_completion />
			<debugger />
		</Extensions>
	</Project>
</CodeBlocks_project_file>
